
Microsoft Visual Studio Solution File, Format Version 12.00
# Visual Studio Version 16
VisualStudioVersion = 16.0.29613.14
MinimumVisualStudioVersion = 15.0.26124.0
Project("{9A19103F-16F7-4668-BE54-9A1E7A4F7556}") = "Algorithms", "Algorithms\Algorithms.csproj", "{A502064C-2E55-49B2-BDFE-D3970DD3F7F7}"
EndProject
Project("{9A19103F-16F7-4668-BE54-9A1E7A4F7556}") = "TreesAndGraphs", "..\AmzProblemSolving\CrackingCodingInterview\TreesAndGraphs\TreesAndGraphs.csproj", "{01520B26-4EBE-41CC-B425-2A6666E7C53B}"
EndProject
Project("{9A19103F-16F7-4668-BE54-9A1E7A4F7556}") = "LeetCode.ProgramClient", "ProgramClient\LeetCode.ProgramClient.csproj", "{47C730D4-2407-49C2-930A-CDD8FA39855E}"
EndProject
Global
	GlobalSection(SolutionConfigurationPlatforms) = preSolution
		Debug|Any CPU = Debug|Any CPU
		Debug|x64 = Debug|x64
		Debug|x86 = Debug|x86
		Release|Any CPU = Release|Any CPU
		Release|x64 = Release|x64
		Release|x86 = Release|x86
	EndGlobalSection
	GlobalSection(ProjectConfigurationPlatforms) = postSolution
		{A502064C-2E55-49B2-BDFE-D3970DD3F7F7}.Debug|Any CPU.ActiveCfg = Debug|Any CPU
		{A502064C-2E55-49B2-BDFE-D3970DD3F7F7}.Debug|Any CPU.Build.0 = Debug|Any CPU
		{A502064C-2E55-49B2-BDFE-D3970DD3F7F7}.Debug|x64.ActiveCfg = Debug|Any CPU
		{A502064C-2E55-49B2-BDFE-D3970DD3F7F7}.Debug|x64.Build.0 = Debug|Any CPU
		{A502064C-2E55-49B2-BDFE-D3970DD3F7F7}.Debug|x86.ActiveCfg = Debug|Any CPU
		{A502064C-2E55-49B2-BDFE-D3970DD3F7F7}.Debug|x86.Build.0 = Debug|Any CPU
		{A502064C-2E55-49B2-BDFE-D3970DD3F7F7}.Release|Any CPU.ActiveCfg = Release|Any CPU
		{A502064C-2E55-49B2-BDFE-D3970DD3F7F7}.Release|Any CPU.Build.0 = Release|Any CPU
		{A502064C-2E55-49B2-BDFE-D3970DD3F7F7}.Release|x64.ActiveCfg = Release|Any CPU
		{A502064C-2E55-49B2-BDFE-D3970DD3F7F7}.Release|x64.Build.0 = Release|Any CPU
		{A502064C-2E55-49B2-BDFE-D3970DD3F7F7}.Release|x86.ActiveCfg = Release|Any CPU
		{A502064C-2E55-49B2-BDFE-D3970DD3F7F7}.Release|x86.Build.0 = Release|Any CPU
		{01520B26-4EBE-41CC-B425-2A6666E7C53B}.Debug|Any CPU.ActiveCfg = Debug|Any CPU
		{01520B26-4EBE-41CC-B425-2A6666E7C53B}.Debug|Any CPU.Build.0 = Debug|Any CPU
		{01520B26-4EBE-41CC-B425-2A6666E7C53B}.Debug|x64.ActiveCfg = Debug|Any CPU
		{01520B26-4EBE-41CC-B425-2A6666E7C53B}.Debug|x64.Build.0 = Debug|Any CPU
		{01520B26-4EBE-41CC-B425-2A6666E7C53B}.Debug|x86.ActiveCfg = Debug|Any CPU
		{01520B26-4EBE-41CC-B425-2A6666E7C53B}.Debug|x86.Build.0 = Debug|Any CPU
		{01520B26-4EBE-41CC-B425-2A6666E7C53B}.Release|Any CPU.ActiveCfg = Release|Any CPU
		{01520B26-4EBE-41CC-B425-2A6666E7C53B}.Release|Any CPU.Build.0 = Release|Any CPU
		{01520B26-4EBE-41CC-B425-2A6666E7C53B}.Release|x64.ActiveCfg = Release|Any CPU
		{01520B26-4EBE-41CC-B425-2A6666E7C53B}.Release|x64.Build.0 = Release|Any CPU
		{01520B26-4EBE-41CC-B425-2A6666E7C53B}.Release|x86.ActiveCfg = Release|Any CPU
		{01520B26-4EBE-41CC-B425-2A6666E7C53B}.Release|x86.Build.0 = Release|Any CPU
		{47C730D4-2407-49C2-930A-CDD8FA39855E}.Debug|Any CPU.ActiveCfg = Debug|Any CPU
		{47C730D4-2407-49C2-930A-CDD8FA39855E}.Debug|Any CPU.Build.0 = Debug|Any CPU
		{47C730D4-2407-49C2-930A-CDD8FA39855E}.Debug|x64.ActiveCfg = Debug|Any CPU
		{47C730D4-2407-49C2-930A-CDD8FA39855E}.Debug|x64.Build.0 = Debug|Any CPU
		{47C730D4-2407-49C2-930A-CDD8FA39855E}.Debug|x86.ActiveCfg = Debug|Any CPU
		{47C730D4-2407-49C2-930A-CDD8FA39855E}.Debug|x86.Build.0 = Debug|Any CPU
		{47C730D4-2407-49C2-930A-CDD8FA39855E}.Release|Any CPU.ActiveCfg = Release|Any CPU
		{47C730D4-2407-49C2-930A-CDD8FA39855E}.Release|Any CPU.Build.0 = Release|Any CPU
		{47C730D4-2407-49C2-930A-CDD8FA39855E}.Release|x64.ActiveCfg = Release|Any CPU
		{47C730D4-2407-49C2-930A-CDD8FA39855E}.Release|x64.Build.0 = Release|Any CPU
		{47C730D4-2407-49C2-930A-CDD8FA39855E}.Release|x86.ActiveCfg = Release|Any CPU
		{47C730D4-2407-49C2-930A-CDD8FA39855E}.Release|x86.Build.0 = Release|Any CPU
	EndGlobalSection
	GlobalSection(SolutionProperties) = preSolution
		HideSolutionNode = FALSE
	EndGlobalSection
	GlobalSection(ExtensibilityGlobals) = postSolution
		SolutionGuid = {D4B8C000-20AB-45F3-B733-038374873B5C}
	EndGlobalSection
EndGlobal
