
Microsoft Visual Studio Solution File, Format Version 12.00
# Visual Studio Version 16
VisualStudioVersion = 16.0.29613.14
MinimumVisualStudioVersion = 15.0.26124.0
Project("{9A19103F-16F7-4668-BE54-9A1E7A4F7556}") = "Algorithms.TreesAndGraphs", "..\AmzProblemSolving\CrackingCodingInterview\TreesAndGraphs\Algorithms.TreesAndGraphs.csproj", "{01520B26-4EBE-41CC-B425-2A6666E7C53B}"
EndProject
Project("{FAE04EC0-301F-11D3-BF4B-00C04F79EFBC}") = "LeetCode.Algorithms.Tests", "LeetCode.Algorithms.Tests\LeetCode.Algorithms.Tests.csproj", "{5CE79816-9B34-48B6-A1EE-B5C9CB203BF2}"
EndProject
Project("{9A19103F-16F7-4668-BE54-9A1E7A4F7556}") = "LeetCode.Solutions", "LeetCode.Solutions\LeetCode.Solutions.csproj", "{FC8502C5-8EA0-48B1-8C08-ED2E0576D0C3}"
EndProject
Project("{9A19103F-16F7-4668-BE54-9A1E7A4F7556}") = "LeetCode.LeetCode.Solutions.Tests", "LeetCode.Solutions.Tests\LeetCode.LeetCode.Solutions.Tests.csproj", "{95A62F73-AF45-4E46-B7D6-FF556DC15866}"
EndProject
Project("{9A19103F-16F7-4668-BE54-9A1E7A4F7556}") = "LeetCode.Algorithms", "LeetCode.Algorithms\LeetCode.Algorithms.csproj", "{0B6AF6E9-1446-49BE-862B-9826AFC2AC20}"
EndProject
Global
	GlobalSection(SolutionConfigurationPlatforms) = preSolution
		Debug|Any CPU = Debug|Any CPU
		Debug|x64 = Debug|x64
		Debug|x86 = Debug|x86
		Release|Any CPU = Release|Any CPU
		Release|x64 = Release|x64
		Release|x86 = Release|x86
	EndGlobalSection
	GlobalSection(ProjectConfigurationPlatforms) = postSolution
		{01520B26-4EBE-41CC-B425-2A6666E7C53B}.Debug|Any CPU.ActiveCfg = Debug|Any CPU
		{01520B26-4EBE-41CC-B425-2A6666E7C53B}.Debug|Any CPU.Build.0 = Debug|Any CPU
		{01520B26-4EBE-41CC-B425-2A6666E7C53B}.Debug|x64.ActiveCfg = Debug|Any CPU
		{01520B26-4EBE-41CC-B425-2A6666E7C53B}.Debug|x64.Build.0 = Debug|Any CPU
		{01520B26-4EBE-41CC-B425-2A6666E7C53B}.Debug|x86.ActiveCfg = Debug|Any CPU
		{01520B26-4EBE-41CC-B425-2A6666E7C53B}.Debug|x86.Build.0 = Debug|Any CPU
		{01520B26-4EBE-41CC-B425-2A6666E7C53B}.Release|Any CPU.ActiveCfg = Release|Any CPU
		{01520B26-4EBE-41CC-B425-2A6666E7C53B}.Release|Any CPU.Build.0 = Release|Any CPU
		{01520B26-4EBE-41CC-B425-2A6666E7C53B}.Release|x64.ActiveCfg = Release|Any CPU
		{01520B26-4EBE-41CC-B425-2A6666E7C53B}.Release|x64.Build.0 = Release|Any CPU
		{01520B26-4EBE-41CC-B425-2A6666E7C53B}.Release|x86.ActiveCfg = Release|Any CPU
		{01520B26-4EBE-41CC-B425-2A6666E7C53B}.Release|x86.Build.0 = Release|Any CPU
		{5CE79816-9B34-48B6-A1EE-B5C9CB203BF2}.Debug|Any CPU.ActiveCfg = Debug|Any CPU
		{5CE79816-9B34-48B6-A1EE-B5C9CB203BF2}.Debug|Any CPU.Build.0 = Debug|Any CPU
		{5CE79816-9B34-48B6-A1EE-B5C9CB203BF2}.Debug|x64.ActiveCfg = Debug|Any CPU
		{5CE79816-9B34-48B6-A1EE-B5C9CB203BF2}.Debug|x64.Build.0 = Debug|Any CPU
		{5CE79816-9B34-48B6-A1EE-B5C9CB203BF2}.Debug|x86.ActiveCfg = Debug|Any CPU
		{5CE79816-9B34-48B6-A1EE-B5C9CB203BF2}.Debug|x86.Build.0 = Debug|Any CPU
		{5CE79816-9B34-48B6-A1EE-B5C9CB203BF2}.Release|Any CPU.ActiveCfg = Release|Any CPU
		{5CE79816-9B34-48B6-A1EE-B5C9CB203BF2}.Release|Any CPU.Build.0 = Release|Any CPU
		{5CE79816-9B34-48B6-A1EE-B5C9CB203BF2}.Release|x64.ActiveCfg = Release|Any CPU
		{5CE79816-9B34-48B6-A1EE-B5C9CB203BF2}.Release|x64.Build.0 = Release|Any CPU
		{5CE79816-9B34-48B6-A1EE-B5C9CB203BF2}.Release|x86.ActiveCfg = Release|Any CPU
		{5CE79816-9B34-48B6-A1EE-B5C9CB203BF2}.Release|x86.Build.0 = Release|Any CPU
		{FC8502C5-8EA0-48B1-8C08-ED2E0576D0C3}.Debug|Any CPU.ActiveCfg = Debug|Any CPU
		{FC8502C5-8EA0-48B1-8C08-ED2E0576D0C3}.Debug|Any CPU.Build.0 = Debug|Any CPU
		{FC8502C5-8EA0-48B1-8C08-ED2E0576D0C3}.Debug|x64.ActiveCfg = Debug|Any CPU
		{FC8502C5-8EA0-48B1-8C08-ED2E0576D0C3}.Debug|x64.Build.0 = Debug|Any CPU
		{FC8502C5-8EA0-48B1-8C08-ED2E0576D0C3}.Debug|x86.ActiveCfg = Debug|Any CPU
		{FC8502C5-8EA0-48B1-8C08-ED2E0576D0C3}.Debug|x86.Build.0 = Debug|Any CPU
		{FC8502C5-8EA0-48B1-8C08-ED2E0576D0C3}.Release|Any CPU.ActiveCfg = Release|Any CPU
		{FC8502C5-8EA0-48B1-8C08-ED2E0576D0C3}.Release|Any CPU.Build.0 = Release|Any CPU
		{FC8502C5-8EA0-48B1-8C08-ED2E0576D0C3}.Release|x64.ActiveCfg = Release|Any CPU
		{FC8502C5-8EA0-48B1-8C08-ED2E0576D0C3}.Release|x64.Build.0 = Release|Any CPU
		{FC8502C5-8EA0-48B1-8C08-ED2E0576D0C3}.Release|x86.ActiveCfg = Release|Any CPU
		{FC8502C5-8EA0-48B1-8C08-ED2E0576D0C3}.Release|x86.Build.0 = Release|Any CPU
		{95A62F73-AF45-4E46-B7D6-FF556DC15866}.Debug|Any CPU.ActiveCfg = Debug|Any CPU
		{95A62F73-AF45-4E46-B7D6-FF556DC15866}.Debug|Any CPU.Build.0 = Debug|Any CPU
		{95A62F73-AF45-4E46-B7D6-FF556DC15866}.Debug|x64.ActiveCfg = Debug|Any CPU
		{95A62F73-AF45-4E46-B7D6-FF556DC15866}.Debug|x64.Build.0 = Debug|Any CPU
		{95A62F73-AF45-4E46-B7D6-FF556DC15866}.Debug|x86.ActiveCfg = Debug|Any CPU
		{95A62F73-AF45-4E46-B7D6-FF556DC15866}.Debug|x86.Build.0 = Debug|Any CPU
		{95A62F73-AF45-4E46-B7D6-FF556DC15866}.Release|Any CPU.ActiveCfg = Release|Any CPU
		{95A62F73-AF45-4E46-B7D6-FF556DC15866}.Release|Any CPU.Build.0 = Release|Any CPU
		{95A62F73-AF45-4E46-B7D6-FF556DC15866}.Release|x64.ActiveCfg = Release|Any CPU
		{95A62F73-AF45-4E46-B7D6-FF556DC15866}.Release|x64.Build.0 = Release|Any CPU
		{95A62F73-AF45-4E46-B7D6-FF556DC15866}.Release|x86.ActiveCfg = Release|Any CPU
		{95A62F73-AF45-4E46-B7D6-FF556DC15866}.Release|x86.Build.0 = Release|Any CPU
		{0B6AF6E9-1446-49BE-862B-9826AFC2AC20}.Debug|Any CPU.ActiveCfg = Debug|Any CPU
		{0B6AF6E9-1446-49BE-862B-9826AFC2AC20}.Debug|Any CPU.Build.0 = Debug|Any CPU
		{0B6AF6E9-1446-49BE-862B-9826AFC2AC20}.Debug|x64.ActiveCfg = Debug|Any CPU
		{0B6AF6E9-1446-49BE-862B-9826AFC2AC20}.Debug|x64.Build.0 = Debug|Any CPU
		{0B6AF6E9-1446-49BE-862B-9826AFC2AC20}.Debug|x86.ActiveCfg = Debug|Any CPU
		{0B6AF6E9-1446-49BE-862B-9826AFC2AC20}.Debug|x86.Build.0 = Debug|Any CPU
		{0B6AF6E9-1446-49BE-862B-9826AFC2AC20}.Release|Any CPU.ActiveCfg = Release|Any CPU
		{0B6AF6E9-1446-49BE-862B-9826AFC2AC20}.Release|Any CPU.Build.0 = Release|Any CPU
		{0B6AF6E9-1446-49BE-862B-9826AFC2AC20}.Release|x64.ActiveCfg = Release|Any CPU
		{0B6AF6E9-1446-49BE-862B-9826AFC2AC20}.Release|x64.Build.0 = Release|Any CPU
		{0B6AF6E9-1446-49BE-862B-9826AFC2AC20}.Release|x86.ActiveCfg = Release|Any CPU
		{0B6AF6E9-1446-49BE-862B-9826AFC2AC20}.Release|x86.Build.0 = Release|Any CPU
	EndGlobalSection
	GlobalSection(SolutionProperties) = preSolution
		HideSolutionNode = FALSE
	EndGlobalSection
	GlobalSection(ExtensibilityGlobals) = postSolution
		SolutionGuid = {D4B8C000-20AB-45F3-B733-038374873B5C}
	EndGlobalSection
EndGlobal
